
Microsoft Visual Studio Solution File, Format Version 12.00
# Visual Studio Version 17
VisualStudioVersion = 17.12.35514.174 d17.12
MinimumVisualStudioVersion = 10.0.40219.1
Project("{FAE04EC0-301F-11D3-BF4B-00C04F79EFBC}") = "OCPP_1_6_Model", "OCPP_1_6_Model\OCPP_1_6_Model.csproj", "{30AB2A8E-01AD-4783-A580-665BBBAF902A}"
EndProject
Project("{FAE04EC0-301F-11D3-BF4B-00C04F79EFBC}") = "OCPP_1_6_RPC", "OCPP_1_6_RPC\OCPP_1_6_RPC.csproj", "{09C6CA99-2E7E-426A-8EC9-630575010389}"
EndProject
Project("{FAE04EC0-301F-11D3-BF4B-00C04F79EFBC}") = "WebSocketHelper", "WebSocketHelper\WebSocketHelper.csproj", "{E90E6D3E-F0C2-40A8-A9CE-6A0D75C19F41}"
EndProject
Project("{FAE04EC0-301F-11D3-BF4B-00C04F79EFBC}") = "MessageCenter", "MessageCenter\MessageCenter.csproj", "{90E4F5CF-BC4A-402D-95BE-63336B3F72A3}"
EndProject
Project("{FAE04EC0-301F-11D3-BF4B-00C04F79EFBC}") = "TransactionController", "TransactionController\TransactionController.csproj", "{FC441EDA-FD0D-4643-A368-BCA83B4FCFAB}"
EndProject
Project("{FAE04EC0-301F-11D3-BF4B-00C04F79EFBC}") = "Finances", "Finances\Finances.csproj", "{B4659A07-5574-453D-A05F-950DB86E223C}"
EndProject
Project("{FAE04EC0-301F-11D3-BF4B-00C04F79EFBC}") = "DeviceManager", "DeviceManager\DeviceManager.csproj", "{21E71179-D7B0-48A7-9E2C-A381AE0E7649}"
EndProject
Project("{2150E333-8FDC-42A3-9474-1A3956D46DE8}") = "Common", "Common", "{453FEA91-B099-4963-9CA6-3C9A40F7B3AD}"
EndProject
Project("{2150E333-8FDC-42A3-9474-1A3956D46DE8}") = "CSMS", "CSMS", "{4CEC2FD0-D1C5-432F-8417-FC889E464B4C}"
EndProject
Project("{2150E333-8FDC-42A3-9474-1A3956D46DE8}") = "ChargePoint", "ChargePoint", "{5523F5C2-CAD4-4E1D-8142-E2324A40D84D}"
EndProject
Project("{FAE04EC0-301F-11D3-BF4B-00C04F79EFBC}") = "CSMSRunner", "CSMSRunner\CSMSRunner.csproj", "{B94082FB-0236-4E90-94F7-15D2A32D6A20}"
EndProject
Project("{FAE04EC0-301F-11D3-BF4B-00C04F79EFBC}") = "CPRunner", "CPRunner\CPRunner.csproj", "{B467DAE2-8C8E-478E-9446-429C2E567DA5}"
EndProject
Project("{FAE04EC0-301F-11D3-BF4B-00C04F79EFBC}") = "CPVirtualComponent", "CPVirtualComponent\CPVirtualComponent.csproj", "{3882472D-5285-4893-BD5E-6306DE7ADA32}"
EndProject
Project("{FAE04EC0-301F-11D3-BF4B-00C04F79EFBC}") = "CPScriptEngine", "CPScriptEngine\CPScriptEngine.csproj", "{4CA72A76-9DAD-4FC0-B1B6-9BFCB503EB3A}"
EndProject
Project("{FAE04EC0-301F-11D3-BF4B-00C04F79EFBC}") = "UserAuth", "UserAuth\UserAuth.csproj", "{216E2CA9-9F3E-400B-BAC9-F04EE8318A0A}"
EndProject
Project("{FAE04EC0-301F-11D3-BF4B-00C04F79EFBC}") = "APIHost", "APIHost\APIHost.csproj", "{7A3ACD6D-AF73-43A9-B816-39F13CAFF7DA}"
EndProject
Global
	GlobalSection(SolutionConfigurationPlatforms) = preSolution
		Debug|Any CPU = Debug|Any CPU
		Release|Any CPU = Release|Any CPU
	EndGlobalSection
	GlobalSection(ProjectConfigurationPlatforms) = postSolution
		{30AB2A8E-01AD-4783-A580-665BBBAF902A}.Debug|Any CPU.ActiveCfg = Debug|Any CPU
		{30AB2A8E-01AD-4783-A580-665BBBAF902A}.Debug|Any CPU.Build.0 = Debug|Any CPU
		{30AB2A8E-01AD-4783-A580-665BBBAF902A}.Release|Any CPU.ActiveCfg = Release|Any CPU
		{30AB2A8E-01AD-4783-A580-665BBBAF902A}.Release|Any CPU.Build.0 = Release|Any CPU
		{09C6CA99-2E7E-426A-8EC9-630575010389}.Debug|Any CPU.ActiveCfg = Debug|Any CPU
		{09C6CA99-2E7E-426A-8EC9-630575010389}.Debug|Any CPU.Build.0 = Debug|Any CPU
		{09C6CA99-2E7E-426A-8EC9-630575010389}.Release|Any CPU.ActiveCfg = Release|Any CPU
		{09C6CA99-2E7E-426A-8EC9-630575010389}.Release|Any CPU.Build.0 = Release|Any CPU
		{E90E6D3E-F0C2-40A8-A9CE-6A0D75C19F41}.Debug|Any CPU.ActiveCfg = Debug|Any CPU
		{E90E6D3E-F0C2-40A8-A9CE-6A0D75C19F41}.Debug|Any CPU.Build.0 = Debug|Any CPU
		{E90E6D3E-F0C2-40A8-A9CE-6A0D75C19F41}.Release|Any CPU.ActiveCfg = Release|Any CPU
		{E90E6D3E-F0C2-40A8-A9CE-6A0D75C19F41}.Release|Any CPU.Build.0 = Release|Any CPU
		{90E4F5CF-BC4A-402D-95BE-63336B3F72A3}.Debug|Any CPU.ActiveCfg = Debug|Any CPU
		{90E4F5CF-BC4A-402D-95BE-63336B3F72A3}.Debug|Any CPU.Build.0 = Debug|Any CPU
		{90E4F5CF-BC4A-402D-95BE-63336B3F72A3}.Release|Any CPU.ActiveCfg = Release|Any CPU
		{90E4F5CF-BC4A-402D-95BE-63336B3F72A3}.Release|Any CPU.Build.0 = Release|Any CPU
		{FC441EDA-FD0D-4643-A368-BCA83B4FCFAB}.Debug|Any CPU.ActiveCfg = Debug|Any CPU
		{FC441EDA-FD0D-4643-A368-BCA83B4FCFAB}.Debug|Any CPU.Build.0 = Debug|Any CPU
		{FC441EDA-FD0D-4643-A368-BCA83B4FCFAB}.Release|Any CPU.ActiveCfg = Release|Any CPU
		{FC441EDA-FD0D-4643-A368-BCA83B4FCFAB}.Release|Any CPU.Build.0 = Release|Any CPU
		{B4659A07-5574-453D-A05F-950DB86E223C}.Debug|Any CPU.ActiveCfg = Debug|Any CPU
		{B4659A07-5574-453D-A05F-950DB86E223C}.Debug|Any CPU.Build.0 = Debug|Any CPU
		{B4659A07-5574-453D-A05F-950DB86E223C}.Release|Any CPU.ActiveCfg = Release|Any CPU
		{B4659A07-5574-453D-A05F-950DB86E223C}.Release|Any CPU.Build.0 = Release|Any CPU
		{21E71179-D7B0-48A7-9E2C-A381AE0E7649}.Debug|Any CPU.ActiveCfg = Debug|Any CPU
		{21E71179-D7B0-48A7-9E2C-A381AE0E7649}.Debug|Any CPU.Build.0 = Debug|Any CPU
		{21E71179-D7B0-48A7-9E2C-A381AE0E7649}.Release|Any CPU.ActiveCfg = Release|Any CPU
		{21E71179-D7B0-48A7-9E2C-A381AE0E7649}.Release|Any CPU.Build.0 = Release|Any CPU
		{B94082FB-0236-4E90-94F7-15D2A32D6A20}.Debug|Any CPU.ActiveCfg = Debug|Any CPU
		{B94082FB-0236-4E90-94F7-15D2A32D6A20}.Debug|Any CPU.Build.0 = Debug|Any CPU
		{B94082FB-0236-4E90-94F7-15D2A32D6A20}.Release|Any CPU.ActiveCfg = Release|Any CPU
		{B94082FB-0236-4E90-94F7-15D2A32D6A20}.Release|Any CPU.Build.0 = Release|Any CPU
		{B467DAE2-8C8E-478E-9446-429C2E567DA5}.Debug|Any CPU.ActiveCfg = Debug|Any CPU
		{B467DAE2-8C8E-478E-9446-429C2E567DA5}.Debug|Any CPU.Build.0 = Debug|Any CPU
		{B467DAE2-8C8E-478E-9446-429C2E567DA5}.Release|Any CPU.ActiveCfg = Release|Any CPU
		{B467DAE2-8C8E-478E-9446-429C2E567DA5}.Release|Any CPU.Build.0 = Release|Any CPU
		{3882472D-5285-4893-BD5E-6306DE7ADA32}.Debug|Any CPU.ActiveCfg = Debug|Any CPU
		{3882472D-5285-4893-BD5E-6306DE7ADA32}.Debug|Any CPU.Build.0 = Debug|Any CPU
		{3882472D-5285-4893-BD5E-6306DE7ADA32}.Release|Any CPU.ActiveCfg = Release|Any CPU
		{3882472D-5285-4893-BD5E-6306DE7ADA32}.Release|Any CPU.Build.0 = Release|Any CPU
		{4CA72A76-9DAD-4FC0-B1B6-9BFCB503EB3A}.Debug|Any CPU.ActiveCfg = Debug|Any CPU
		{4CA72A76-9DAD-4FC0-B1B6-9BFCB503EB3A}.Debug|Any CPU.Build.0 = Debug|Any CPU
		{4CA72A76-9DAD-4FC0-B1B6-9BFCB503EB3A}.Release|Any CPU.ActiveCfg = Release|Any CPU
		{4CA72A76-9DAD-4FC0-B1B6-9BFCB503EB3A}.Release|Any CPU.Build.0 = Release|Any CPU
		{216E2CA9-9F3E-400B-BAC9-F04EE8318A0A}.Debug|Any CPU.ActiveCfg = Debug|Any CPU
		{216E2CA9-9F3E-400B-BAC9-F04EE8318A0A}.Debug|Any CPU.Build.0 = Debug|Any CPU
		{216E2CA9-9F3E-400B-BAC9-F04EE8318A0A}.Release|Any CPU.ActiveCfg = Release|Any CPU
		{216E2CA9-9F3E-400B-BAC9-F04EE8318A0A}.Release|Any CPU.Build.0 = Release|Any CPU
		{7A3ACD6D-AF73-43A9-B816-39F13CAFF7DA}.Debug|Any CPU.ActiveCfg = Debug|Any CPU
		{7A3ACD6D-AF73-43A9-B816-39F13CAFF7DA}.Debug|Any CPU.Build.0 = Debug|Any CPU
		{7A3ACD6D-AF73-43A9-B816-39F13CAFF7DA}.Release|Any CPU.ActiveCfg = Release|Any CPU
		{7A3ACD6D-AF73-43A9-B816-39F13CAFF7DA}.Release|Any CPU.Build.0 = Release|Any CPU
	EndGlobalSection
	GlobalSection(SolutionProperties) = preSolution
		HideSolutionNode = FALSE
	EndGlobalSection
	GlobalSection(NestedProjects) = preSolution
		{30AB2A8E-01AD-4783-A580-665BBBAF902A} = {453FEA91-B099-4963-9CA6-3C9A40F7B3AD}
		{09C6CA99-2E7E-426A-8EC9-630575010389} = {453FEA91-B099-4963-9CA6-3C9A40F7B3AD}
		{E90E6D3E-F0C2-40A8-A9CE-6A0D75C19F41} = {453FEA91-B099-4963-9CA6-3C9A40F7B3AD}
		{90E4F5CF-BC4A-402D-95BE-63336B3F72A3} = {453FEA91-B099-4963-9CA6-3C9A40F7B3AD}
		{FC441EDA-FD0D-4643-A368-BCA83B4FCFAB} = {4CEC2FD0-D1C5-432F-8417-FC889E464B4C}
		{B4659A07-5574-453D-A05F-950DB86E223C} = {4CEC2FD0-D1C5-432F-8417-FC889E464B4C}
		{21E71179-D7B0-48A7-9E2C-A381AE0E7649} = {4CEC2FD0-D1C5-432F-8417-FC889E464B4C}
		{B94082FB-0236-4E90-94F7-15D2A32D6A20} = {4CEC2FD0-D1C5-432F-8417-FC889E464B4C}
		{B467DAE2-8C8E-478E-9446-429C2E567DA5} = {5523F5C2-CAD4-4E1D-8142-E2324A40D84D}
		{3882472D-5285-4893-BD5E-6306DE7ADA32} = {5523F5C2-CAD4-4E1D-8142-E2324A40D84D}
		{4CA72A76-9DAD-4FC0-B1B6-9BFCB503EB3A} = {5523F5C2-CAD4-4E1D-8142-E2324A40D84D}
		{216E2CA9-9F3E-400B-BAC9-F04EE8318A0A} = {4CEC2FD0-D1C5-432F-8417-FC889E464B4C}
		{7A3ACD6D-AF73-43A9-B816-39F13CAFF7DA} = {4CEC2FD0-D1C5-432F-8417-FC889E464B4C}
	EndGlobalSection
EndGlobal
